
Microsoft Visual Studio Solution File, Format Version 12.00
# Visual Studio 15
VisualStudioVersion = 15.0.26124.0
MinimumVisualStudioVersion = 15.0.26124.0
Project("{2150E333-8FDC-42A3-9474-1A3956D46DE8}") = "Src", "Src", "{494AE2B1-DBE3-4038-AEC0-674DC2B6B687}"
EndProject
Project("{FAE04EC0-301F-11D3-BF4B-00C04F79EFBC}") = "Domain", "Src\Domain\Domain.csproj", "{0F4C550F-B1B0-4B12-83EF-8526AE68323D}"
EndProject
Project("{FAE04EC0-301F-11D3-BF4B-00C04F79EFBC}") = "SharedKernel", "Src\SharedKernel\SharedKernel.csproj", "{E6CEDE61-09C7-4800-839D-1F49CD4B3402}"
EndProject
Project("{FAE04EC0-301F-11D3-BF4B-00C04F79EFBC}") = "Application", "Src\Application\Application.csproj", "{3F8272C3-D6F6-42E7-8B15-AA373FA79AB2}"
EndProject
Project("{FAE04EC0-301F-11D3-BF4B-00C04F79EFBC}") = "Common", "Src\Common\Common.csproj", "{DF7ABEB4-03EA-44C6-AD46-E747A9B378BF}"
EndProject
Project("{FAE04EC0-301F-11D3-BF4B-00C04F79EFBC}") = "Web", "Src\Web\Web.csproj", "{D3694D90-8D16-4787-813C-13981ADDE407}"
EndProject
Project("{FAE04EC0-301F-11D3-BF4B-00C04F79EFBC}") = "Infrastructure", "Src\Infrastructure\Infrastructure.csproj", "{FC11F918-2D38-494D-BC27-DB9EA1A9C5A2}"
EndProject
Project("{2150E333-8FDC-42A3-9474-1A3956D46DE8}") = "Tests", "Tests", "{8DCA58AF-952F-44D8-BBA7-3A0BE7BE567F}"
EndProject
Project("{FAE04EC0-301F-11D3-BF4B-00C04F79EFBC}") = "Application.UnitTests", "Tests\Application.UnitTests\Application.UnitTests.csproj", "{C24A2F0E-33C6-48CC-A3D6-E4720124C8CD}"
EndProject
Project("{FAE04EC0-301F-11D3-BF4B-00C04F79EFBC}") = "Domain.UnitTests", "Tests\Domain.UnitTests\Domain.UnitTests.csproj", "{DA430F1B-74D6-4067-B209-11E854E48D8F}"
EndProject
Project("{FAE04EC0-301F-11D3-BF4B-00C04F79EFBC}") = "TestHelpers", "Tests\TestHelpers\TestHelpers.csproj", "{758AEE5A-E024-44DD-943F-6EA52ECC5836}"
EndProject
Project("{FAE04EC0-301F-11D3-BF4B-00C04F79EFBC}") = "Web.UnitTests", "Tests\Web.UnitTests\Web.UnitTests.csproj", "{0564B9A5-CB36-41D5-B3CC-C3AB7E20D398}"
EndProject
Project("{FAE04EC0-301F-11D3-BF4B-00C04F79EFBC}") = "Web.IntegrationTests", "Tests\Web.IntegrationTests\Web.IntegrationTests.csproj", "{9B697D49-597F-4D25-8A8B-9651FB281C4E}"
EndProject
Project("{FAE04EC0-301F-11D3-BF4B-00C04F79EFBC}") = "Infrastructure.UnitTests", "Tests\Infrastructure.UnitTests\Infrastructure.UnitTests.csproj", "{32185510-3DD8-4EE0-BB38-E33836704B5E}"
EndProject
Project("{FAE04EC0-301F-11D3-BF4B-00C04F79EFBC}") = "Common.UnitTests", "Tests\Common.UnitTests\Common.UnitTests.csproj", "{9510893D-957B-41D2-A984-EDB343545047}"
EndProject
Project("{FAE04EC0-301F-11D3-BF4B-00C04F79EFBC}") = "SharedKernel.UnitTests", "Tests\SharedKernel.UnitTests\SharedKernel.UnitTests.csproj", "{98534B61-5697-431C-B705-5452C0C3B959}"
EndProject
Project("{FAE04EC0-301F-11D3-BF4B-00C04F79EFBC}") = "GrpcServices", "Src\GrpcServices\GrpcServices.csproj", "{7DD1E958-C887-49A5-9453-DBD030B2441B}"
EndProject
Global
	GlobalSection(SolutionConfigurationPlatforms) = preSolution
		Debug|Any CPU = Debug|Any CPU
		Debug|x64 = Debug|x64
		Debug|x86 = Debug|x86
		Release|Any CPU = Release|Any CPU
		Release|x64 = Release|x64
		Release|x86 = Release|x86
	EndGlobalSection
	GlobalSection(SolutionProperties) = preSolution
		HideSolutionNode = FALSE
	EndGlobalSection
	GlobalSection(ProjectConfigurationPlatforms) = postSolution
		{0F4C550F-B1B0-4B12-83EF-8526AE68323D}.Debug|Any CPU.ActiveCfg = Debug|Any CPU
		{0F4C550F-B1B0-4B12-83EF-8526AE68323D}.Debug|Any CPU.Build.0 = Debug|Any CPU
		{0F4C550F-B1B0-4B12-83EF-8526AE68323D}.Debug|x64.ActiveCfg = Debug|Any CPU
		{0F4C550F-B1B0-4B12-83EF-8526AE68323D}.Debug|x64.Build.0 = Debug|Any CPU
		{0F4C550F-B1B0-4B12-83EF-8526AE68323D}.Debug|x86.ActiveCfg = Debug|Any CPU
		{0F4C550F-B1B0-4B12-83EF-8526AE68323D}.Debug|x86.Build.0 = Debug|Any CPU
		{0F4C550F-B1B0-4B12-83EF-8526AE68323D}.Release|Any CPU.ActiveCfg = Release|Any CPU
		{0F4C550F-B1B0-4B12-83EF-8526AE68323D}.Release|Any CPU.Build.0 = Release|Any CPU
		{0F4C550F-B1B0-4B12-83EF-8526AE68323D}.Release|x64.ActiveCfg = Release|Any CPU
		{0F4C550F-B1B0-4B12-83EF-8526AE68323D}.Release|x64.Build.0 = Release|Any CPU
		{0F4C550F-B1B0-4B12-83EF-8526AE68323D}.Release|x86.ActiveCfg = Release|Any CPU
		{0F4C550F-B1B0-4B12-83EF-8526AE68323D}.Release|x86.Build.0 = Release|Any CPU
		{E6CEDE61-09C7-4800-839D-1F49CD4B3402}.Debug|Any CPU.ActiveCfg = Debug|Any CPU
		{E6CEDE61-09C7-4800-839D-1F49CD4B3402}.Debug|Any CPU.Build.0 = Debug|Any CPU
		{E6CEDE61-09C7-4800-839D-1F49CD4B3402}.Debug|x64.ActiveCfg = Debug|Any CPU
		{E6CEDE61-09C7-4800-839D-1F49CD4B3402}.Debug|x64.Build.0 = Debug|Any CPU
		{E6CEDE61-09C7-4800-839D-1F49CD4B3402}.Debug|x86.ActiveCfg = Debug|Any CPU
		{E6CEDE61-09C7-4800-839D-1F49CD4B3402}.Debug|x86.Build.0 = Debug|Any CPU
		{E6CEDE61-09C7-4800-839D-1F49CD4B3402}.Release|Any CPU.ActiveCfg = Release|Any CPU
		{E6CEDE61-09C7-4800-839D-1F49CD4B3402}.Release|Any CPU.Build.0 = Release|Any CPU
		{E6CEDE61-09C7-4800-839D-1F49CD4B3402}.Release|x64.ActiveCfg = Release|Any CPU
		{E6CEDE61-09C7-4800-839D-1F49CD4B3402}.Release|x64.Build.0 = Release|Any CPU
		{E6CEDE61-09C7-4800-839D-1F49CD4B3402}.Release|x86.ActiveCfg = Release|Any CPU
		{E6CEDE61-09C7-4800-839D-1F49CD4B3402}.Release|x86.Build.0 = Release|Any CPU
		{3F8272C3-D6F6-42E7-8B15-AA373FA79AB2}.Debug|Any CPU.ActiveCfg = Debug|Any CPU
		{3F8272C3-D6F6-42E7-8B15-AA373FA79AB2}.Debug|Any CPU.Build.0 = Debug|Any CPU
		{3F8272C3-D6F6-42E7-8B15-AA373FA79AB2}.Debug|x64.ActiveCfg = Debug|Any CPU
		{3F8272C3-D6F6-42E7-8B15-AA373FA79AB2}.Debug|x64.Build.0 = Debug|Any CPU
		{3F8272C3-D6F6-42E7-8B15-AA373FA79AB2}.Debug|x86.ActiveCfg = Debug|Any CPU
		{3F8272C3-D6F6-42E7-8B15-AA373FA79AB2}.Debug|x86.Build.0 = Debug|Any CPU
		{3F8272C3-D6F6-42E7-8B15-AA373FA79AB2}.Release|Any CPU.ActiveCfg = Release|Any CPU
		{3F8272C3-D6F6-42E7-8B15-AA373FA79AB2}.Release|Any CPU.Build.0 = Release|Any CPU
		{3F8272C3-D6F6-42E7-8B15-AA373FA79AB2}.Release|x64.ActiveCfg = Release|Any CPU
		{3F8272C3-D6F6-42E7-8B15-AA373FA79AB2}.Release|x64.Build.0 = Release|Any CPU
		{3F8272C3-D6F6-42E7-8B15-AA373FA79AB2}.Release|x86.ActiveCfg = Release|Any CPU
		{3F8272C3-D6F6-42E7-8B15-AA373FA79AB2}.Release|x86.Build.0 = Release|Any CPU
		{DF7ABEB4-03EA-44C6-AD46-E747A9B378BF}.Debug|Any CPU.ActiveCfg = Debug|Any CPU
		{DF7ABEB4-03EA-44C6-AD46-E747A9B378BF}.Debug|Any CPU.Build.0 = Debug|Any CPU
		{DF7ABEB4-03EA-44C6-AD46-E747A9B378BF}.Debug|x64.ActiveCfg = Debug|Any CPU
		{DF7ABEB4-03EA-44C6-AD46-E747A9B378BF}.Debug|x64.Build.0 = Debug|Any CPU
		{DF7ABEB4-03EA-44C6-AD46-E747A9B378BF}.Debug|x86.ActiveCfg = Debug|Any CPU
		{DF7ABEB4-03EA-44C6-AD46-E747A9B378BF}.Debug|x86.Build.0 = Debug|Any CPU
		{DF7ABEB4-03EA-44C6-AD46-E747A9B378BF}.Release|Any CPU.ActiveCfg = Release|Any CPU
		{DF7ABEB4-03EA-44C6-AD46-E747A9B378BF}.Release|Any CPU.Build.0 = Release|Any CPU
		{DF7ABEB4-03EA-44C6-AD46-E747A9B378BF}.Release|x64.ActiveCfg = Release|Any CPU
		{DF7ABEB4-03EA-44C6-AD46-E747A9B378BF}.Release|x64.Build.0 = Release|Any CPU
		{DF7ABEB4-03EA-44C6-AD46-E747A9B378BF}.Release|x86.ActiveCfg = Release|Any CPU
		{DF7ABEB4-03EA-44C6-AD46-E747A9B378BF}.Release|x86.Build.0 = Release|Any CPU
		{D3694D90-8D16-4787-813C-13981ADDE407}.Debug|Any CPU.ActiveCfg = Debug|Any CPU
		{D3694D90-8D16-4787-813C-13981ADDE407}.Debug|Any CPU.Build.0 = Debug|Any CPU
		{D3694D90-8D16-4787-813C-13981ADDE407}.Debug|x64.ActiveCfg = Debug|Any CPU
		{D3694D90-8D16-4787-813C-13981ADDE407}.Debug|x64.Build.0 = Debug|Any CPU
		{D3694D90-8D16-4787-813C-13981ADDE407}.Debug|x86.ActiveCfg = Debug|Any CPU
		{D3694D90-8D16-4787-813C-13981ADDE407}.Debug|x86.Build.0 = Debug|Any CPU
		{D3694D90-8D16-4787-813C-13981ADDE407}.Release|Any CPU.ActiveCfg = Release|Any CPU
		{D3694D90-8D16-4787-813C-13981ADDE407}.Release|Any CPU.Build.0 = Release|Any CPU
		{D3694D90-8D16-4787-813C-13981ADDE407}.Release|x64.ActiveCfg = Release|Any CPU
		{D3694D90-8D16-4787-813C-13981ADDE407}.Release|x64.Build.0 = Release|Any CPU
		{D3694D90-8D16-4787-813C-13981ADDE407}.Release|x86.ActiveCfg = Release|Any CPU
		{D3694D90-8D16-4787-813C-13981ADDE407}.Release|x86.Build.0 = Release|Any CPU
		{FC11F918-2D38-494D-BC27-DB9EA1A9C5A2}.Debug|Any CPU.ActiveCfg = Debug|Any CPU
		{FC11F918-2D38-494D-BC27-DB9EA1A9C5A2}.Debug|Any CPU.Build.0 = Debug|Any CPU
		{FC11F918-2D38-494D-BC27-DB9EA1A9C5A2}.Debug|x64.ActiveCfg = Debug|Any CPU
		{FC11F918-2D38-494D-BC27-DB9EA1A9C5A2}.Debug|x64.Build.0 = Debug|Any CPU
		{FC11F918-2D38-494D-BC27-DB9EA1A9C5A2}.Debug|x86.ActiveCfg = Debug|Any CPU
		{FC11F918-2D38-494D-BC27-DB9EA1A9C5A2}.Debug|x86.Build.0 = Debug|Any CPU
		{FC11F918-2D38-494D-BC27-DB9EA1A9C5A2}.Release|Any CPU.ActiveCfg = Release|Any CPU
		{FC11F918-2D38-494D-BC27-DB9EA1A9C5A2}.Release|Any CPU.Build.0 = Release|Any CPU
		{FC11F918-2D38-494D-BC27-DB9EA1A9C5A2}.Release|x64.ActiveCfg = Release|Any CPU
		{FC11F918-2D38-494D-BC27-DB9EA1A9C5A2}.Release|x64.Build.0 = Release|Any CPU
		{FC11F918-2D38-494D-BC27-DB9EA1A9C5A2}.Release|x86.ActiveCfg = Release|Any CPU
		{FC11F918-2D38-494D-BC27-DB9EA1A9C5A2}.Release|x86.Build.0 = Release|Any CPU
		{C24A2F0E-33C6-48CC-A3D6-E4720124C8CD}.Debug|Any CPU.ActiveCfg = Debug|Any CPU
		{C24A2F0E-33C6-48CC-A3D6-E4720124C8CD}.Debug|Any CPU.Build.0 = Debug|Any CPU
		{C24A2F0E-33C6-48CC-A3D6-E4720124C8CD}.Debug|x64.ActiveCfg = Debug|Any CPU
		{C24A2F0E-33C6-48CC-A3D6-E4720124C8CD}.Debug|x64.Build.0 = Debug|Any CPU
		{C24A2F0E-33C6-48CC-A3D6-E4720124C8CD}.Debug|x86.ActiveCfg = Debug|Any CPU
		{C24A2F0E-33C6-48CC-A3D6-E4720124C8CD}.Debug|x86.Build.0 = Debug|Any CPU
		{C24A2F0E-33C6-48CC-A3D6-E4720124C8CD}.Release|Any CPU.ActiveCfg = Release|Any CPU
		{C24A2F0E-33C6-48CC-A3D6-E4720124C8CD}.Release|Any CPU.Build.0 = Release|Any CPU
		{C24A2F0E-33C6-48CC-A3D6-E4720124C8CD}.Release|x64.ActiveCfg = Release|Any CPU
		{C24A2F0E-33C6-48CC-A3D6-E4720124C8CD}.Release|x64.Build.0 = Release|Any CPU
		{C24A2F0E-33C6-48CC-A3D6-E4720124C8CD}.Release|x86.ActiveCfg = Release|Any CPU
		{C24A2F0E-33C6-48CC-A3D6-E4720124C8CD}.Release|x86.Build.0 = Release|Any CPU
		{DA430F1B-74D6-4067-B209-11E854E48D8F}.Debug|Any CPU.ActiveCfg = Debug|Any CPU
		{DA430F1B-74D6-4067-B209-11E854E48D8F}.Debug|Any CPU.Build.0 = Debug|Any CPU
		{DA430F1B-74D6-4067-B209-11E854E48D8F}.Debug|x64.ActiveCfg = Debug|Any CPU
		{DA430F1B-74D6-4067-B209-11E854E48D8F}.Debug|x64.Build.0 = Debug|Any CPU
		{DA430F1B-74D6-4067-B209-11E854E48D8F}.Debug|x86.ActiveCfg = Debug|Any CPU
		{DA430F1B-74D6-4067-B209-11E854E48D8F}.Debug|x86.Build.0 = Debug|Any CPU
		{DA430F1B-74D6-4067-B209-11E854E48D8F}.Release|Any CPU.ActiveCfg = Release|Any CPU
		{DA430F1B-74D6-4067-B209-11E854E48D8F}.Release|Any CPU.Build.0 = Release|Any CPU
		{DA430F1B-74D6-4067-B209-11E854E48D8F}.Release|x64.ActiveCfg = Release|Any CPU
		{DA430F1B-74D6-4067-B209-11E854E48D8F}.Release|x64.Build.0 = Release|Any CPU
		{DA430F1B-74D6-4067-B209-11E854E48D8F}.Release|x86.ActiveCfg = Release|Any CPU
		{DA430F1B-74D6-4067-B209-11E854E48D8F}.Release|x86.Build.0 = Release|Any CPU
		{758AEE5A-E024-44DD-943F-6EA52ECC5836}.Debug|Any CPU.ActiveCfg = Debug|Any CPU
		{758AEE5A-E024-44DD-943F-6EA52ECC5836}.Debug|Any CPU.Build.0 = Debug|Any CPU
		{758AEE5A-E024-44DD-943F-6EA52ECC5836}.Debug|x64.ActiveCfg = Debug|Any CPU
		{758AEE5A-E024-44DD-943F-6EA52ECC5836}.Debug|x64.Build.0 = Debug|Any CPU
		{758AEE5A-E024-44DD-943F-6EA52ECC5836}.Debug|x86.ActiveCfg = Debug|Any CPU
		{758AEE5A-E024-44DD-943F-6EA52ECC5836}.Debug|x86.Build.0 = Debug|Any CPU
		{758AEE5A-E024-44DD-943F-6EA52ECC5836}.Release|Any CPU.ActiveCfg = Release|Any CPU
		{758AEE5A-E024-44DD-943F-6EA52ECC5836}.Release|Any CPU.Build.0 = Release|Any CPU
		{758AEE5A-E024-44DD-943F-6EA52ECC5836}.Release|x64.ActiveCfg = Release|Any CPU
		{758AEE5A-E024-44DD-943F-6EA52ECC5836}.Release|x64.Build.0 = Release|Any CPU
		{758AEE5A-E024-44DD-943F-6EA52ECC5836}.Release|x86.ActiveCfg = Release|Any CPU
		{758AEE5A-E024-44DD-943F-6EA52ECC5836}.Release|x86.Build.0 = Release|Any CPU
		{0564B9A5-CB36-41D5-B3CC-C3AB7E20D398}.Debug|Any CPU.ActiveCfg = Debug|Any CPU
		{0564B9A5-CB36-41D5-B3CC-C3AB7E20D398}.Debug|Any CPU.Build.0 = Debug|Any CPU
		{0564B9A5-CB36-41D5-B3CC-C3AB7E20D398}.Debug|x64.ActiveCfg = Debug|Any CPU
		{0564B9A5-CB36-41D5-B3CC-C3AB7E20D398}.Debug|x64.Build.0 = Debug|Any CPU
		{0564B9A5-CB36-41D5-B3CC-C3AB7E20D398}.Debug|x86.ActiveCfg = Debug|Any CPU
		{0564B9A5-CB36-41D5-B3CC-C3AB7E20D398}.Debug|x86.Build.0 = Debug|Any CPU
		{0564B9A5-CB36-41D5-B3CC-C3AB7E20D398}.Release|Any CPU.ActiveCfg = Release|Any CPU
		{0564B9A5-CB36-41D5-B3CC-C3AB7E20D398}.Release|Any CPU.Build.0 = Release|Any CPU
		{0564B9A5-CB36-41D5-B3CC-C3AB7E20D398}.Release|x64.ActiveCfg = Release|Any CPU
		{0564B9A5-CB36-41D5-B3CC-C3AB7E20D398}.Release|x64.Build.0 = Release|Any CPU
		{0564B9A5-CB36-41D5-B3CC-C3AB7E20D398}.Release|x86.ActiveCfg = Release|Any CPU
		{0564B9A5-CB36-41D5-B3CC-C3AB7E20D398}.Release|x86.Build.0 = Release|Any CPU
		{9B697D49-597F-4D25-8A8B-9651FB281C4E}.Debug|Any CPU.ActiveCfg = Debug|Any CPU
		{9B697D49-597F-4D25-8A8B-9651FB281C4E}.Debug|Any CPU.Build.0 = Debug|Any CPU
		{9B697D49-597F-4D25-8A8B-9651FB281C4E}.Debug|x64.ActiveCfg = Debug|Any CPU
		{9B697D49-597F-4D25-8A8B-9651FB281C4E}.Debug|x64.Build.0 = Debug|Any CPU
		{9B697D49-597F-4D25-8A8B-9651FB281C4E}.Debug|x86.ActiveCfg = Debug|Any CPU
		{9B697D49-597F-4D25-8A8B-9651FB281C4E}.Debug|x86.Build.0 = Debug|Any CPU
		{9B697D49-597F-4D25-8A8B-9651FB281C4E}.Release|Any CPU.ActiveCfg = Release|Any CPU
		{9B697D49-597F-4D25-8A8B-9651FB281C4E}.Release|Any CPU.Build.0 = Release|Any CPU
		{9B697D49-597F-4D25-8A8B-9651FB281C4E}.Release|x64.ActiveCfg = Release|Any CPU
		{9B697D49-597F-4D25-8A8B-9651FB281C4E}.Release|x64.Build.0 = Release|Any CPU
		{9B697D49-597F-4D25-8A8B-9651FB281C4E}.Release|x86.ActiveCfg = Release|Any CPU
		{9B697D49-597F-4D25-8A8B-9651FB281C4E}.Release|x86.Build.0 = Release|Any CPU
		{32185510-3DD8-4EE0-BB38-E33836704B5E}.Debug|Any CPU.ActiveCfg = Debug|Any CPU
		{32185510-3DD8-4EE0-BB38-E33836704B5E}.Debug|Any CPU.Build.0 = Debug|Any CPU
		{32185510-3DD8-4EE0-BB38-E33836704B5E}.Debug|x64.ActiveCfg = Debug|Any CPU
		{32185510-3DD8-4EE0-BB38-E33836704B5E}.Debug|x64.Build.0 = Debug|Any CPU
		{32185510-3DD8-4EE0-BB38-E33836704B5E}.Debug|x86.ActiveCfg = Debug|Any CPU
		{32185510-3DD8-4EE0-BB38-E33836704B5E}.Debug|x86.Build.0 = Debug|Any CPU
		{32185510-3DD8-4EE0-BB38-E33836704B5E}.Release|Any CPU.ActiveCfg = Release|Any CPU
		{32185510-3DD8-4EE0-BB38-E33836704B5E}.Release|Any CPU.Build.0 = Release|Any CPU
		{32185510-3DD8-4EE0-BB38-E33836704B5E}.Release|x64.ActiveCfg = Release|Any CPU
		{32185510-3DD8-4EE0-BB38-E33836704B5E}.Release|x64.Build.0 = Release|Any CPU
		{32185510-3DD8-4EE0-BB38-E33836704B5E}.Release|x86.ActiveCfg = Release|Any CPU
		{32185510-3DD8-4EE0-BB38-E33836704B5E}.Release|x86.Build.0 = Release|Any CPU
		{9510893D-957B-41D2-A984-EDB343545047}.Debug|Any CPU.ActiveCfg = Debug|Any CPU
		{9510893D-957B-41D2-A984-EDB343545047}.Debug|Any CPU.Build.0 = Debug|Any CPU
		{9510893D-957B-41D2-A984-EDB343545047}.Debug|x64.ActiveCfg = Debug|Any CPU
		{9510893D-957B-41D2-A984-EDB343545047}.Debug|x64.Build.0 = Debug|Any CPU
		{9510893D-957B-41D2-A984-EDB343545047}.Debug|x86.ActiveCfg = Debug|Any CPU
		{9510893D-957B-41D2-A984-EDB343545047}.Debug|x86.Build.0 = Debug|Any CPU
		{9510893D-957B-41D2-A984-EDB343545047}.Release|Any CPU.ActiveCfg = Release|Any CPU
		{9510893D-957B-41D2-A984-EDB343545047}.Release|Any CPU.Build.0 = Release|Any CPU
		{9510893D-957B-41D2-A984-EDB343545047}.Release|x64.ActiveCfg = Release|Any CPU
		{9510893D-957B-41D2-A984-EDB343545047}.Release|x64.Build.0 = Release|Any CPU
		{9510893D-957B-41D2-A984-EDB343545047}.Release|x86.ActiveCfg = Release|Any CPU
		{9510893D-957B-41D2-A984-EDB343545047}.Release|x86.Build.0 = Release|Any CPU
		{98534B61-5697-431C-B705-5452C0C3B959}.Debug|Any CPU.ActiveCfg = Debug|Any CPU
		{98534B61-5697-431C-B705-5452C0C3B959}.Debug|Any CPU.Build.0 = Debug|Any CPU
		{98534B61-5697-431C-B705-5452C0C3B959}.Debug|x64.ActiveCfg = Debug|Any CPU
		{98534B61-5697-431C-B705-5452C0C3B959}.Debug|x64.Build.0 = Debug|Any CPU
		{98534B61-5697-431C-B705-5452C0C3B959}.Debug|x86.ActiveCfg = Debug|Any CPU
		{98534B61-5697-431C-B705-5452C0C3B959}.Debug|x86.Build.0 = Debug|Any CPU
		{98534B61-5697-431C-B705-5452C0C3B959}.Release|Any CPU.ActiveCfg = Release|Any CPU
		{98534B61-5697-431C-B705-5452C0C3B959}.Release|Any CPU.Build.0 = Release|Any CPU
		{98534B61-5697-431C-B705-5452C0C3B959}.Release|x64.ActiveCfg = Release|Any CPU
		{98534B61-5697-431C-B705-5452C0C3B959}.Release|x64.Build.0 = Release|Any CPU
		{98534B61-5697-431C-B705-5452C0C3B959}.Release|x86.ActiveCfg = Release|Any CPU
		{98534B61-5697-431C-B705-5452C0C3B959}.Release|x86.Build.0 = Release|Any CPU
		{7DD1E958-C887-49A5-9453-DBD030B2441B}.Debug|Any CPU.ActiveCfg = Debug|Any CPU
		{7DD1E958-C887-49A5-9453-DBD030B2441B}.Debug|Any CPU.Build.0 = Debug|Any CPU
		{7DD1E958-C887-49A5-9453-DBD030B2441B}.Debug|x64.ActiveCfg = Debug|Any CPU
		{7DD1E958-C887-49A5-9453-DBD030B2441B}.Debug|x64.Build.0 = Debug|Any CPU
		{7DD1E958-C887-49A5-9453-DBD030B2441B}.Debug|x86.ActiveCfg = Debug|Any CPU
		{7DD1E958-C887-49A5-9453-DBD030B2441B}.Debug|x86.Build.0 = Debug|Any CPU
		{7DD1E958-C887-49A5-9453-DBD030B2441B}.Release|Any CPU.ActiveCfg = Release|Any CPU
		{7DD1E958-C887-49A5-9453-DBD030B2441B}.Release|Any CPU.Build.0 = Release|Any CPU
		{7DD1E958-C887-49A5-9453-DBD030B2441B}.Release|x64.ActiveCfg = Release|Any CPU
		{7DD1E958-C887-49A5-9453-DBD030B2441B}.Release|x64.Build.0 = Release|Any CPU
		{7DD1E958-C887-49A5-9453-DBD030B2441B}.Release|x86.ActiveCfg = Release|Any CPU
		{7DD1E958-C887-49A5-9453-DBD030B2441B}.Release|x86.Build.0 = Release|Any CPU
	EndGlobalSection
	GlobalSection(NestedProjects) = preSolution
		{0F4C550F-B1B0-4B12-83EF-8526AE68323D} = {494AE2B1-DBE3-4038-AEC0-674DC2B6B687}
		{E6CEDE61-09C7-4800-839D-1F49CD4B3402} = {494AE2B1-DBE3-4038-AEC0-674DC2B6B687}
		{3F8272C3-D6F6-42E7-8B15-AA373FA79AB2} = {494AE2B1-DBE3-4038-AEC0-674DC2B6B687}
		{DF7ABEB4-03EA-44C6-AD46-E747A9B378BF} = {494AE2B1-DBE3-4038-AEC0-674DC2B6B687}
		{D3694D90-8D16-4787-813C-13981ADDE407} = {494AE2B1-DBE3-4038-AEC0-674DC2B6B687}
		{FC11F918-2D38-494D-BC27-DB9EA1A9C5A2} = {494AE2B1-DBE3-4038-AEC0-674DC2B6B687}
		{C24A2F0E-33C6-48CC-A3D6-E4720124C8CD} = {8DCA58AF-952F-44D8-BBA7-3A0BE7BE567F}
		{DA430F1B-74D6-4067-B209-11E854E48D8F} = {8DCA58AF-952F-44D8-BBA7-3A0BE7BE567F}
		{758AEE5A-E024-44DD-943F-6EA52ECC5836} = {8DCA58AF-952F-44D8-BBA7-3A0BE7BE567F}
		{0564B9A5-CB36-41D5-B3CC-C3AB7E20D398} = {8DCA58AF-952F-44D8-BBA7-3A0BE7BE567F}
		{9B697D49-597F-4D25-8A8B-9651FB281C4E} = {8DCA58AF-952F-44D8-BBA7-3A0BE7BE567F}
		{32185510-3DD8-4EE0-BB38-E33836704B5E} = {8DCA58AF-952F-44D8-BBA7-3A0BE7BE567F}
		{9510893D-957B-41D2-A984-EDB343545047} = {8DCA58AF-952F-44D8-BBA7-3A0BE7BE567F}
		{98534B61-5697-431C-B705-5452C0C3B959} = {8DCA58AF-952F-44D8-BBA7-3A0BE7BE567F}
		{7DD1E958-C887-49A5-9453-DBD030B2441B} = {494AE2B1-DBE3-4038-AEC0-674DC2B6B687}
	EndGlobalSection
EndGlobal
