
Microsoft Visual Studio Solution File, Format Version 12.00
# Visual Studio 15
VisualStudioVersion = 15.0.26124.0
MinimumVisualStudioVersion = 15.0.26124.0
Project("{2150E333-8FDC-42A3-9474-1A3956D46DE8}") = "Src", "Src", "{BDE48F99-6CB2-49B9-8613-430C36BC07E8}"
EndProject
Project("{FAE04EC0-301F-11D3-BF4B-00C04F79EFBC}") = "Web", "Src\Web\Web.csproj", "{0820F402-8184-496E-85C1-31F736D94CBF}"
EndProject
Project("{2150E333-8FDC-42A3-9474-1A3956D46DE8}") = "Tests", "Tests", "{31CDEE46-CE44-4E66-ADCB-7236EECEE10E}"
EndProject
Project("{FAE04EC0-301F-11D3-BF4B-00C04F79EFBC}") = "Domain.UnitTests", "Tests\Domain.UnitTests\Domain.UnitTests.csproj", "{DE20EA9F-B464-4DCB-BDF9-9BF500232047}"
EndProject
Project("{FAE04EC0-301F-11D3-BF4B-00C04F79EFBC}") = "IntegrationTests", "Tests\IntegrationTests\IntegrationTests.csproj", "{A763C937-BC3C-47DE-8726-3C5A73EDB356}"
EndProject
Project("{FAE04EC0-301F-11D3-BF4B-00C04F79EFBC}") = "Domain", "Src\Domain\Domain.csproj", "{02D93CA0-C1CC-4EB8-8411-A7D9FD6C02CD}"
EndProject
Project("{FAE04EC0-301F-11D3-BF4B-00C04F79EFBC}") = "Infrastructure", "Src\Infrastructure\Infrastructure.csproj", "{AC3298E1-5D40-4708-B3AC-EF6F9981B911}"
EndProject
Project("{FAE04EC0-301F-11D3-BF4B-00C04F79EFBC}") = "Common", "Src\Common\Common.csproj", "{3DE03597-5F23-4CF7-9F01-A1EB94E000A5}"
EndProject
Project("{FAE04EC0-301F-11D3-BF4B-00C04F79EFBC}") = "Application", "Src\Application\Application.csproj", "{90FBEB7F-A400-4A71-B21B-776F47610A5C}"
EndProject
Project("{FAE04EC0-301F-11D3-BF4B-00C04F79EFBC}") = "Common.UnitTests", "Tests\Common.UnitTests\Common.UnitTests.csproj", "{2252CB51-F475-41E0-9ACD-039E32799F85}"
EndProject
Project("{FAE04EC0-301F-11D3-BF4B-00C04F79EFBC}") = "Application.UnitTests", "Tests\Application.UnitTests\Application.UnitTests.csproj", "{69456544-7785-49E8-B64D-6A6DD0DB1124}"
EndProject
Global
	GlobalSection(SolutionConfigurationPlatforms) = preSolution
		Debug|Any CPU = Debug|Any CPU
		Debug|x64 = Debug|x64
		Debug|x86 = Debug|x86
		Release|Any CPU = Release|Any CPU
		Release|x64 = Release|x64
		Release|x86 = Release|x86
	EndGlobalSection
	GlobalSection(SolutionProperties) = preSolution
		HideSolutionNode = FALSE
	EndGlobalSection
	GlobalSection(ProjectConfigurationPlatforms) = postSolution
		{0820F402-8184-496E-85C1-31F736D94CBF}.Debug|Any CPU.ActiveCfg = Debug|Any CPU
		{0820F402-8184-496E-85C1-31F736D94CBF}.Debug|Any CPU.Build.0 = Debug|Any CPU
		{0820F402-8184-496E-85C1-31F736D94CBF}.Debug|x64.ActiveCfg = Debug|Any CPU
		{0820F402-8184-496E-85C1-31F736D94CBF}.Debug|x64.Build.0 = Debug|Any CPU
		{0820F402-8184-496E-85C1-31F736D94CBF}.Debug|x86.ActiveCfg = Debug|Any CPU
		{0820F402-8184-496E-85C1-31F736D94CBF}.Debug|x86.Build.0 = Debug|Any CPU
		{0820F402-8184-496E-85C1-31F736D94CBF}.Release|Any CPU.ActiveCfg = Release|Any CPU
		{0820F402-8184-496E-85C1-31F736D94CBF}.Release|Any CPU.Build.0 = Release|Any CPU
		{0820F402-8184-496E-85C1-31F736D94CBF}.Release|x64.ActiveCfg = Release|Any CPU
		{0820F402-8184-496E-85C1-31F736D94CBF}.Release|x64.Build.0 = Release|Any CPU
		{0820F402-8184-496E-85C1-31F736D94CBF}.Release|x86.ActiveCfg = Release|Any CPU
		{0820F402-8184-496E-85C1-31F736D94CBF}.Release|x86.Build.0 = Release|Any CPU
		{DE20EA9F-B464-4DCB-BDF9-9BF500232047}.Debug|Any CPU.ActiveCfg = Debug|Any CPU
		{DE20EA9F-B464-4DCB-BDF9-9BF500232047}.Debug|Any CPU.Build.0 = Debug|Any CPU
		{DE20EA9F-B464-4DCB-BDF9-9BF500232047}.Debug|x64.ActiveCfg = Debug|Any CPU
		{DE20EA9F-B464-4DCB-BDF9-9BF500232047}.Debug|x64.Build.0 = Debug|Any CPU
		{DE20EA9F-B464-4DCB-BDF9-9BF500232047}.Debug|x86.ActiveCfg = Debug|Any CPU
		{DE20EA9F-B464-4DCB-BDF9-9BF500232047}.Debug|x86.Build.0 = Debug|Any CPU
		{DE20EA9F-B464-4DCB-BDF9-9BF500232047}.Release|Any CPU.ActiveCfg = Release|Any CPU
		{DE20EA9F-B464-4DCB-BDF9-9BF500232047}.Release|Any CPU.Build.0 = Release|Any CPU
		{DE20EA9F-B464-4DCB-BDF9-9BF500232047}.Release|x64.ActiveCfg = Release|Any CPU
		{DE20EA9F-B464-4DCB-BDF9-9BF500232047}.Release|x64.Build.0 = Release|Any CPU
		{DE20EA9F-B464-4DCB-BDF9-9BF500232047}.Release|x86.ActiveCfg = Release|Any CPU
		{DE20EA9F-B464-4DCB-BDF9-9BF500232047}.Release|x86.Build.0 = Release|Any CPU
		{A763C937-BC3C-47DE-8726-3C5A73EDB356}.Debug|Any CPU.ActiveCfg = Debug|Any CPU
		{A763C937-BC3C-47DE-8726-3C5A73EDB356}.Debug|Any CPU.Build.0 = Debug|Any CPU
		{A763C937-BC3C-47DE-8726-3C5A73EDB356}.Debug|x64.ActiveCfg = Debug|Any CPU
		{A763C937-BC3C-47DE-8726-3C5A73EDB356}.Debug|x64.Build.0 = Debug|Any CPU
		{A763C937-BC3C-47DE-8726-3C5A73EDB356}.Debug|x86.ActiveCfg = Debug|Any CPU
		{A763C937-BC3C-47DE-8726-3C5A73EDB356}.Debug|x86.Build.0 = Debug|Any CPU
		{A763C937-BC3C-47DE-8726-3C5A73EDB356}.Release|Any CPU.ActiveCfg = Release|Any CPU
		{A763C937-BC3C-47DE-8726-3C5A73EDB356}.Release|Any CPU.Build.0 = Release|Any CPU
		{A763C937-BC3C-47DE-8726-3C5A73EDB356}.Release|x64.ActiveCfg = Release|Any CPU
		{A763C937-BC3C-47DE-8726-3C5A73EDB356}.Release|x64.Build.0 = Release|Any CPU
		{A763C937-BC3C-47DE-8726-3C5A73EDB356}.Release|x86.ActiveCfg = Release|Any CPU
		{A763C937-BC3C-47DE-8726-3C5A73EDB356}.Release|x86.Build.0 = Release|Any CPU
		{02D93CA0-C1CC-4EB8-8411-A7D9FD6C02CD}.Debug|Any CPU.ActiveCfg = Debug|Any CPU
		{02D93CA0-C1CC-4EB8-8411-A7D9FD6C02CD}.Debug|Any CPU.Build.0 = Debug|Any CPU
		{02D93CA0-C1CC-4EB8-8411-A7D9FD6C02CD}.Debug|x64.ActiveCfg = Debug|Any CPU
		{02D93CA0-C1CC-4EB8-8411-A7D9FD6C02CD}.Debug|x64.Build.0 = Debug|Any CPU
		{02D93CA0-C1CC-4EB8-8411-A7D9FD6C02CD}.Debug|x86.ActiveCfg = Debug|Any CPU
		{02D93CA0-C1CC-4EB8-8411-A7D9FD6C02CD}.Debug|x86.Build.0 = Debug|Any CPU
		{02D93CA0-C1CC-4EB8-8411-A7D9FD6C02CD}.Release|Any CPU.ActiveCfg = Release|Any CPU
		{02D93CA0-C1CC-4EB8-8411-A7D9FD6C02CD}.Release|Any CPU.Build.0 = Release|Any CPU
		{02D93CA0-C1CC-4EB8-8411-A7D9FD6C02CD}.Release|x64.ActiveCfg = Release|Any CPU
		{02D93CA0-C1CC-4EB8-8411-A7D9FD6C02CD}.Release|x64.Build.0 = Release|Any CPU
		{02D93CA0-C1CC-4EB8-8411-A7D9FD6C02CD}.Release|x86.ActiveCfg = Release|Any CPU
		{02D93CA0-C1CC-4EB8-8411-A7D9FD6C02CD}.Release|x86.Build.0 = Release|Any CPU
		{AC3298E1-5D40-4708-B3AC-EF6F9981B911}.Debug|Any CPU.ActiveCfg = Debug|Any CPU
		{AC3298E1-5D40-4708-B3AC-EF6F9981B911}.Debug|Any CPU.Build.0 = Debug|Any CPU
		{AC3298E1-5D40-4708-B3AC-EF6F9981B911}.Debug|x64.ActiveCfg = Debug|Any CPU
		{AC3298E1-5D40-4708-B3AC-EF6F9981B911}.Debug|x64.Build.0 = Debug|Any CPU
		{AC3298E1-5D40-4708-B3AC-EF6F9981B911}.Debug|x86.ActiveCfg = Debug|Any CPU
		{AC3298E1-5D40-4708-B3AC-EF6F9981B911}.Debug|x86.Build.0 = Debug|Any CPU
		{AC3298E1-5D40-4708-B3AC-EF6F9981B911}.Release|Any CPU.ActiveCfg = Release|Any CPU
		{AC3298E1-5D40-4708-B3AC-EF6F9981B911}.Release|Any CPU.Build.0 = Release|Any CPU
		{AC3298E1-5D40-4708-B3AC-EF6F9981B911}.Release|x64.ActiveCfg = Release|Any CPU
		{AC3298E1-5D40-4708-B3AC-EF6F9981B911}.Release|x64.Build.0 = Release|Any CPU
		{AC3298E1-5D40-4708-B3AC-EF6F9981B911}.Release|x86.ActiveCfg = Release|Any CPU
		{AC3298E1-5D40-4708-B3AC-EF6F9981B911}.Release|x86.Build.0 = Release|Any CPU
		{3DE03597-5F23-4CF7-9F01-A1EB94E000A5}.Debug|Any CPU.ActiveCfg = Debug|Any CPU
		{3DE03597-5F23-4CF7-9F01-A1EB94E000A5}.Debug|Any CPU.Build.0 = Debug|Any CPU
		{3DE03597-5F23-4CF7-9F01-A1EB94E000A5}.Debug|x64.ActiveCfg = Debug|Any CPU
		{3DE03597-5F23-4CF7-9F01-A1EB94E000A5}.Debug|x64.Build.0 = Debug|Any CPU
		{3DE03597-5F23-4CF7-9F01-A1EB94E000A5}.Debug|x86.ActiveCfg = Debug|Any CPU
		{3DE03597-5F23-4CF7-9F01-A1EB94E000A5}.Debug|x86.Build.0 = Debug|Any CPU
		{3DE03597-5F23-4CF7-9F01-A1EB94E000A5}.Release|Any CPU.ActiveCfg = Release|Any CPU
		{3DE03597-5F23-4CF7-9F01-A1EB94E000A5}.Release|Any CPU.Build.0 = Release|Any CPU
		{3DE03597-5F23-4CF7-9F01-A1EB94E000A5}.Release|x64.ActiveCfg = Release|Any CPU
		{3DE03597-5F23-4CF7-9F01-A1EB94E000A5}.Release|x64.Build.0 = Release|Any CPU
		{3DE03597-5F23-4CF7-9F01-A1EB94E000A5}.Release|x86.ActiveCfg = Release|Any CPU
		{3DE03597-5F23-4CF7-9F01-A1EB94E000A5}.Release|x86.Build.0 = Release|Any CPU
		{90FBEB7F-A400-4A71-B21B-776F47610A5C}.Debug|Any CPU.ActiveCfg = Debug|Any CPU
		{90FBEB7F-A400-4A71-B21B-776F47610A5C}.Debug|Any CPU.Build.0 = Debug|Any CPU
		{90FBEB7F-A400-4A71-B21B-776F47610A5C}.Debug|x64.ActiveCfg = Debug|Any CPU
		{90FBEB7F-A400-4A71-B21B-776F47610A5C}.Debug|x64.Build.0 = Debug|Any CPU
		{90FBEB7F-A400-4A71-B21B-776F47610A5C}.Debug|x86.ActiveCfg = Debug|Any CPU
		{90FBEB7F-A400-4A71-B21B-776F47610A5C}.Debug|x86.Build.0 = Debug|Any CPU
		{90FBEB7F-A400-4A71-B21B-776F47610A5C}.Release|Any CPU.ActiveCfg = Release|Any CPU
		{90FBEB7F-A400-4A71-B21B-776F47610A5C}.Release|Any CPU.Build.0 = Release|Any CPU
		{90FBEB7F-A400-4A71-B21B-776F47610A5C}.Release|x64.ActiveCfg = Release|Any CPU
		{90FBEB7F-A400-4A71-B21B-776F47610A5C}.Release|x64.Build.0 = Release|Any CPU
		{90FBEB7F-A400-4A71-B21B-776F47610A5C}.Release|x86.ActiveCfg = Release|Any CPU
		{90FBEB7F-A400-4A71-B21B-776F47610A5C}.Release|x86.Build.0 = Release|Any CPU
		{2252CB51-F475-41E0-9ACD-039E32799F85}.Debug|Any CPU.ActiveCfg = Debug|Any CPU
		{2252CB51-F475-41E0-9ACD-039E32799F85}.Debug|Any CPU.Build.0 = Debug|Any CPU
		{2252CB51-F475-41E0-9ACD-039E32799F85}.Debug|x64.ActiveCfg = Debug|Any CPU
		{2252CB51-F475-41E0-9ACD-039E32799F85}.Debug|x64.Build.0 = Debug|Any CPU
		{2252CB51-F475-41E0-9ACD-039E32799F85}.Debug|x86.ActiveCfg = Debug|Any CPU
		{2252CB51-F475-41E0-9ACD-039E32799F85}.Debug|x86.Build.0 = Debug|Any CPU
		{2252CB51-F475-41E0-9ACD-039E32799F85}.Release|Any CPU.ActiveCfg = Release|Any CPU
		{2252CB51-F475-41E0-9ACD-039E32799F85}.Release|Any CPU.Build.0 = Release|Any CPU
		{2252CB51-F475-41E0-9ACD-039E32799F85}.Release|x64.ActiveCfg = Release|Any CPU
		{2252CB51-F475-41E0-9ACD-039E32799F85}.Release|x64.Build.0 = Release|Any CPU
		{2252CB51-F475-41E0-9ACD-039E32799F85}.Release|x86.ActiveCfg = Release|Any CPU
		{2252CB51-F475-41E0-9ACD-039E32799F85}.Release|x86.Build.0 = Release|Any CPU
		{69456544-7785-49E8-B64D-6A6DD0DB1124}.Debug|Any CPU.ActiveCfg = Debug|Any CPU
		{69456544-7785-49E8-B64D-6A6DD0DB1124}.Debug|Any CPU.Build.0 = Debug|Any CPU
		{69456544-7785-49E8-B64D-6A6DD0DB1124}.Debug|x64.ActiveCfg = Debug|Any CPU
		{69456544-7785-49E8-B64D-6A6DD0DB1124}.Debug|x64.Build.0 = Debug|Any CPU
		{69456544-7785-49E8-B64D-6A6DD0DB1124}.Debug|x86.ActiveCfg = Debug|Any CPU
		{69456544-7785-49E8-B64D-6A6DD0DB1124}.Debug|x86.Build.0 = Debug|Any CPU
		{69456544-7785-49E8-B64D-6A6DD0DB1124}.Release|Any CPU.ActiveCfg = Release|Any CPU
		{69456544-7785-49E8-B64D-6A6DD0DB1124}.Release|Any CPU.Build.0 = Release|Any CPU
		{69456544-7785-49E8-B64D-6A6DD0DB1124}.Release|x64.ActiveCfg = Release|Any CPU
		{69456544-7785-49E8-B64D-6A6DD0DB1124}.Release|x64.Build.0 = Release|Any CPU
		{69456544-7785-49E8-B64D-6A6DD0DB1124}.Release|x86.ActiveCfg = Release|Any CPU
		{69456544-7785-49E8-B64D-6A6DD0DB1124}.Release|x86.Build.0 = Release|Any CPU
	EndGlobalSection
	GlobalSection(NestedProjects) = preSolution
		{0820F402-8184-496E-85C1-31F736D94CBF} = {BDE48F99-6CB2-49B9-8613-430C36BC07E8}
		{DE20EA9F-B464-4DCB-BDF9-9BF500232047} = {31CDEE46-CE44-4E66-ADCB-7236EECEE10E}
		{A763C937-BC3C-47DE-8726-3C5A73EDB356} = {31CDEE46-CE44-4E66-ADCB-7236EECEE10E}
		{02D93CA0-C1CC-4EB8-8411-A7D9FD6C02CD} = {BDE48F99-6CB2-49B9-8613-430C36BC07E8}
		{AC3298E1-5D40-4708-B3AC-EF6F9981B911} = {BDE48F99-6CB2-49B9-8613-430C36BC07E8}
		{3DE03597-5F23-4CF7-9F01-A1EB94E000A5} = {BDE48F99-6CB2-49B9-8613-430C36BC07E8}
		{90FBEB7F-A400-4A71-B21B-776F47610A5C} = {BDE48F99-6CB2-49B9-8613-430C36BC07E8}
		{2252CB51-F475-41E0-9ACD-039E32799F85} = {31CDEE46-CE44-4E66-ADCB-7236EECEE10E}
		{69456544-7785-49E8-B64D-6A6DD0DB1124} = {31CDEE46-CE44-4E66-ADCB-7236EECEE10E}
	EndGlobalSection
EndGlobal
